
Microsoft Visual Studio Solution File, Format Version 12.00
# Visual Studio Version 17
VisualStudioVersion = 17.14.36301.6 d17.14
MinimumVisualStudioVersion = 10.0.40219.1
Project("{FAE04EC0-301F-11D3-BF4B-00C04F79EFBC}") = "HomeLibrary", "HomeLibrary\HomeLibrary.csproj", "{538718E1-EB08-443A-A64C-71AAA5E7B7EC}"
EndProject
Global
	GlobalSection(SolutionConfigurationPlatforms) = preSolution
		Debug|Any CPU = Debug|Any CPU
		Release|Any CPU = Release|Any CPU
	EndGlobalSection
	GlobalSection(ProjectConfigurationPlatforms) = postSolution
		{538718E1-EB08-443A-A64C-71AAA5E7B7EC}.Debug|Any CPU.ActiveCfg = Debug|Any CPU
		{538718E1-EB08-443A-A64C-71AAA5E7B7EC}.Debug|Any CPU.Build.0 = Debug|Any CPU
		{538718E1-EB08-443A-A64C-71AAA5E7B7EC}.Release|Any CPU.ActiveCfg = Release|Any CPU
		{538718E1-EB08-443A-A64C-71AAA5E7B7EC}.Release|Any CPU.Build.0 = Release|Any CPU
	EndGlobalSection
	GlobalSection(SolutionProperties) = preSolution
		HideSolutionNode = FALSE
	EndGlobalSection
	GlobalSection(ExtensibilityGlobals) = postSolution
		SolutionGuid = {A5590978-A8C1-4AB9-AA0A-BBE67E73E518}
	EndGlobalSection
EndGlobal
